
Microsoft Visual Studio Solution File, Format Version 12.00
# Visual Studio Version 16
VisualStudioVersion = 16.0.32106.194
MinimumVisualStudioVersion = 10.0.40219.1
Project("{FAE04EC0-301F-11D3-BF4B-00C04F79EFBC}") = "stategy-pattern", "stategy-pattern\stategy-pattern.csproj", "{BF82B4DB-D74A-4876-94D2-ABCFCBA0B134}"
EndProject
Project("{FAE04EC0-301F-11D3-BF4B-00C04F79EFBC}") = "ClassLibrary", "ClassLibrary\ClassLibrary.csproj", "{B257D118-2357-4DDD-B0EC-C74ADFA1DF39}"
EndProject
Global
	GlobalSection(SolutionConfigurationPlatforms) = preSolution
		Debug|Any CPU = Debug|Any CPU
		Release|Any CPU = Release|Any CPU
	EndGlobalSection
	GlobalSection(ProjectConfigurationPlatforms) = postSolution
		{BF82B4DB-D74A-4876-94D2-ABCFCBA0B134}.Debug|Any CPU.ActiveCfg = Debug|Any CPU
		{BF82B4DB-D74A-4876-94D2-ABCFCBA0B134}.Debug|Any CPU.Build.0 = Debug|Any CPU
		{BF82B4DB-D74A-4876-94D2-ABCFCBA0B134}.Release|Any CPU.ActiveCfg = Release|Any CPU
		{BF82B4DB-D74A-4876-94D2-ABCFCBA0B134}.Release|Any CPU.Build.0 = Release|Any CPU
		{B257D118-2357-4DDD-B0EC-C74ADFA1DF39}.Debug|Any CPU.ActiveCfg = Debug|Any CPU
		{B257D118-2357-4DDD-B0EC-C74ADFA1DF39}.Debug|Any CPU.Build.0 = Debug|Any CPU
		{B257D118-2357-4DDD-B0EC-C74ADFA1DF39}.Release|Any CPU.ActiveCfg = Release|Any CPU
		{B257D118-2357-4DDD-B0EC-C74ADFA1DF39}.Release|Any CPU.Build.0 = Release|Any CPU
	EndGlobalSection
	GlobalSection(SolutionProperties) = preSolution
		HideSolutionNode = FALSE
	EndGlobalSection
	GlobalSection(ExtensibilityGlobals) = postSolution
		SolutionGuid = {2DA54AA7-5CC0-44DE-B8DD-EA0259A35F13}
	EndGlobalSection
EndGlobal
